{
  "pins" : [
    {
      "identity" : "audiokit",
      "kind" : "remoteSourceControl",
      "location" : "https://github.com/AudioKit/AudioKit.git",
      "state" : {
        "revision" : "c30a151fea40696ad0a45c60c2bba29112bb4279",
        "version" : "5.6.1"
      }
    },
    {
      "identity" : "ogg-swift",
      "kind" : "remoteSourceControl",
      "location" : "https://github.com/vector-im/ogg-swift.git",
      "state" : {
        "revision" : "9d82ed838404f10b607a1a1689f404563e9115c3",
        "version" : "0.8.3"
      }
    },
    {
      "identity" : "opus-swift",
      "kind" : "remoteSourceControl",
      "location" : "https://github.com/vector-im/opus-swift",
      "state" : {
        "revision" : "11f1887767cbc87c4b64b789ee830b779cc744cb",
        "version" : "0.8.4"
      }
    },
    {
      "identity" : "swift-ogg",
      "kind" : "remoteSourceControl",
      "location" : "https://github.com/vector-im/swift-ogg.git",
      "state" : {
        "revision" : "e9a9e7601da662fd8b97d93781ff5c60b4becf88",
        "version" : "0.0.1"
      }
    }
  ],
  "version" : 2
}
